
Microsoft Visual Studio Solution File, Format Version 12.00
# Visual Studio Version 17
VisualStudioVersion = 17.7.34221.43
MinimumVisualStudioVersion = 10.0.40219.1
Project("{FAE04EC0-301F-11D3-BF4B-00C04F79EFBC}") = "ExamTask", "ExamTask.csproj", "{6C5A42F5-B01D-43A3-B5A9-D1DBE3E7C4B9}"
EndProject
Global
	GlobalSection(SolutionConfigurationPlatforms) = preSolution
		Debug|Any CPU = Debug|Any CPU
		Release|Any CPU = Release|Any CPU
	EndGlobalSection
	GlobalSection(ProjectConfigurationPlatforms) = postSolution
		{6C5A42F5-B01D-43A3-B5A9-D1DBE3E7C4B9}.Debug|Any CPU.ActiveCfg = Debug|Any CPU
		{6C5A42F5-B01D-43A3-B5A9-D1DBE3E7C4B9}.Debug|Any CPU.Build.0 = Debug|Any CPU
		{6C5A42F5-B01D-43A3-B5A9-D1DBE3E7C4B9}.Release|Any CPU.ActiveCfg = Release|Any CPU
		{6C5A42F5-B01D-43A3-B5A9-D1DBE3E7C4B9}.Release|Any CPU.Build.0 = Release|Any CPU
	EndGlobalSection
	GlobalSection(SolutionProperties) = preSolution
		HideSolutionNode = FALSE
	EndGlobalSection
	GlobalSection(ExtensibilityGlobals) = postSolution
		SolutionGuid = {AEAF064F-D8C2-488E-A1AB-5C88B2D1F754}
	EndGlobalSection
EndGlobal
